
Microsoft Visual Studio Solution File, Format Version 12.00
# Visual Studio Version 17
VisualStudioVersion = 17.3.32922.545
MinimumVisualStudioVersion = 10.0.40219.1
Project("{8BC9CEB8-8B4A-11D0-8D11-00A0C91BC942}") = "лаб5.1", "лаб5.1\лаб5.1.vcxproj", "{135A6F9D-5ABE-4497-B642-EB0333359285}"
EndProject
Global
	GlobalSection(SolutionConfigurationPlatforms) = preSolution
		Debug|x64 = Debug|x64
		Debug|x86 = Debug|x86
		Release|x64 = Release|x64
		Release|x86 = Release|x86
	EndGlobalSection
	GlobalSection(ProjectConfigurationPlatforms) = postSolution
		{135A6F9D-5ABE-4497-B642-EB0333359285}.Debug|x64.ActiveCfg = Debug|x64
		{135A6F9D-5ABE-4497-B642-EB0333359285}.Debug|x64.Build.0 = Debug|x64
		{135A6F9D-5ABE-4497-B642-EB0333359285}.Debug|x86.ActiveCfg = Debug|Win32
		{135A6F9D-5ABE-4497-B642-EB0333359285}.Debug|x86.Build.0 = Debug|Win32
		{135A6F9D-5ABE-4497-B642-EB0333359285}.Release|x64.ActiveCfg = Release|x64
		{135A6F9D-5ABE-4497-B642-EB0333359285}.Release|x64.Build.0 = Release|x64
		{135A6F9D-5ABE-4497-B642-EB0333359285}.Release|x86.ActiveCfg = Release|Win32
		{135A6F9D-5ABE-4497-B642-EB0333359285}.Release|x86.Build.0 = Release|Win32
	EndGlobalSection
	GlobalSection(SolutionProperties) = preSolution
		HideSolutionNode = FALSE
	EndGlobalSection
	GlobalSection(ExtensibilityGlobals) = postSolution
		SolutionGuid = {B9D2110D-122C-494B-8B02-469DFE6480B2}
	EndGlobalSection
EndGlobal
